
Microsoft Visual Studio Solution File, Format Version 12.00
# Visual Studio Version 16
VisualStudioVersion = 16.0.31321.278
MinimumVisualStudioVersion = 10.0.40219.1
Project("{FAE04EC0-301F-11D3-BF4B-00C04F79EFBC}") = "calculadora.Android", "calculadora\calculadora.Android\calculadora.Android.csproj", "{D40F8A77-8700-4CF1-92FE-F7C7368205EB}"
EndProject
Project("{FAE04EC0-301F-11D3-BF4B-00C04F79EFBC}") = "calculadora.iOS", "calculadora\calculadora.iOS\calculadora.iOS.csproj", "{83140549-EC48-40C7-92A8-DF02214A4AEA}"
EndProject
Project("{FAE04EC0-301F-11D3-BF4B-00C04F79EFBC}") = "calculadora", "calculadora\calculadora\calculadora.csproj", "{23D4EA04-3629-467A-8587-2D6897461CAF}"
EndProject
Global
	GlobalSection(SolutionConfigurationPlatforms) = preSolution
		Debug|Any CPU = Debug|Any CPU
		Debug|iPhone = Debug|iPhone
		Debug|iPhoneSimulator = Debug|iPhoneSimulator
		Release|Any CPU = Release|Any CPU
		Release|iPhone = Release|iPhone
		Release|iPhoneSimulator = Release|iPhoneSimulator
	EndGlobalSection
	GlobalSection(ProjectConfigurationPlatforms) = postSolution
		{D40F8A77-8700-4CF1-92FE-F7C7368205EB}.Debug|Any CPU.ActiveCfg = Debug|Any CPU
		{D40F8A77-8700-4CF1-92FE-F7C7368205EB}.Debug|Any CPU.Build.0 = Debug|Any CPU
		{D40F8A77-8700-4CF1-92FE-F7C7368205EB}.Debug|Any CPU.Deploy.0 = Debug|Any CPU
		{D40F8A77-8700-4CF1-92FE-F7C7368205EB}.Debug|iPhone.ActiveCfg = Debug|Any CPU
		{D40F8A77-8700-4CF1-92FE-F7C7368205EB}.Debug|iPhone.Build.0 = Debug|Any CPU
		{D40F8A77-8700-4CF1-92FE-F7C7368205EB}.Debug|iPhone.Deploy.0 = Debug|Any CPU
		{D40F8A77-8700-4CF1-92FE-F7C7368205EB}.Debug|iPhoneSimulator.ActiveCfg = Debug|Any CPU
		{D40F8A77-8700-4CF1-92FE-F7C7368205EB}.Debug|iPhoneSimulator.Build.0 = Debug|Any CPU
		{D40F8A77-8700-4CF1-92FE-F7C7368205EB}.Debug|iPhoneSimulator.Deploy.0 = Debug|Any CPU
		{D40F8A77-8700-4CF1-92FE-F7C7368205EB}.Release|Any CPU.ActiveCfg = Release|Any CPU
		{D40F8A77-8700-4CF1-92FE-F7C7368205EB}.Release|Any CPU.Build.0 = Release|Any CPU
		{D40F8A77-8700-4CF1-92FE-F7C7368205EB}.Release|Any CPU.Deploy.0 = Release|Any CPU
		{D40F8A77-8700-4CF1-92FE-F7C7368205EB}.Release|iPhone.ActiveCfg = Release|Any CPU
		{D40F8A77-8700-4CF1-92FE-F7C7368205EB}.Release|iPhone.Build.0 = Release|Any CPU
		{D40F8A77-8700-4CF1-92FE-F7C7368205EB}.Release|iPhone.Deploy.0 = Release|Any CPU
		{D40F8A77-8700-4CF1-92FE-F7C7368205EB}.Release|iPhoneSimulator.ActiveCfg = Release|Any CPU
		{D40F8A77-8700-4CF1-92FE-F7C7368205EB}.Release|iPhoneSimulator.Build.0 = Release|Any CPU
		{D40F8A77-8700-4CF1-92FE-F7C7368205EB}.Release|iPhoneSimulator.Deploy.0 = Release|Any CPU
		{83140549-EC48-40C7-92A8-DF02214A4AEA}.Debug|Any CPU.ActiveCfg = Debug|iPhone
		{83140549-EC48-40C7-92A8-DF02214A4AEA}.Debug|Any CPU.Build.0 = Debug|iPhone
		{83140549-EC48-40C7-92A8-DF02214A4AEA}.Debug|Any CPU.Deploy.0 = Debug|iPhone
		{83140549-EC48-40C7-92A8-DF02214A4AEA}.Debug|iPhone.ActiveCfg = Debug|iPhone
		{83140549-EC48-40C7-92A8-DF02214A4AEA}.Debug|iPhone.Build.0 = Debug|iPhone
		{83140549-EC48-40C7-92A8-DF02214A4AEA}.Debug|iPhone.Deploy.0 = Debug|iPhone
		{83140549-EC48-40C7-92A8-DF02214A4AEA}.Debug|iPhoneSimulator.ActiveCfg = Debug|iPhoneSimulator
		{83140549-EC48-40C7-92A8-DF02214A4AEA}.Debug|iPhoneSimulator.Build.0 = Debug|iPhoneSimulator
		{83140549-EC48-40C7-92A8-DF02214A4AEA}.Debug|iPhoneSimulator.Deploy.0 = Debug|iPhoneSimulator
		{83140549-EC48-40C7-92A8-DF02214A4AEA}.Release|Any CPU.ActiveCfg = Release|iPhoneSimulator
		{83140549-EC48-40C7-92A8-DF02214A4AEA}.Release|Any CPU.Build.0 = Release|iPhoneSimulator
		{83140549-EC48-40C7-92A8-DF02214A4AEA}.Release|Any CPU.Deploy.0 = Release|iPhoneSimulator
		{83140549-EC48-40C7-92A8-DF02214A4AEA}.Release|iPhone.ActiveCfg = Release|iPhone
		{83140549-EC48-40C7-92A8-DF02214A4AEA}.Release|iPhone.Build.0 = Release|iPhone
		{83140549-EC48-40C7-92A8-DF02214A4AEA}.Release|iPhone.Deploy.0 = Release|iPhone
		{83140549-EC48-40C7-92A8-DF02214A4AEA}.Release|iPhoneSimulator.ActiveCfg = Release|iPhoneSimulator
		{83140549-EC48-40C7-92A8-DF02214A4AEA}.Release|iPhoneSimulator.Build.0 = Release|iPhoneSimulator
		{83140549-EC48-40C7-92A8-DF02214A4AEA}.Release|iPhoneSimulator.Deploy.0 = Release|iPhoneSimulator
		{23D4EA04-3629-467A-8587-2D6897461CAF}.Debug|Any CPU.ActiveCfg = Debug|Any CPU
		{23D4EA04-3629-467A-8587-2D6897461CAF}.Debug|Any CPU.Build.0 = Debug|Any CPU
		{23D4EA04-3629-467A-8587-2D6897461CAF}.Debug|Any CPU.Deploy.0 = Debug|Any CPU
		{23D4EA04-3629-467A-8587-2D6897461CAF}.Debug|iPhone.ActiveCfg = Debug|Any CPU
		{23D4EA04-3629-467A-8587-2D6897461CAF}.Debug|iPhone.Build.0 = Debug|Any CPU
		{23D4EA04-3629-467A-8587-2D6897461CAF}.Debug|iPhone.Deploy.0 = Debug|Any CPU
		{23D4EA04-3629-467A-8587-2D6897461CAF}.Debug|iPhoneSimulator.ActiveCfg = Debug|Any CPU
		{23D4EA04-3629-467A-8587-2D6897461CAF}.Debug|iPhoneSimulator.Build.0 = Debug|Any CPU
		{23D4EA04-3629-467A-8587-2D6897461CAF}.Debug|iPhoneSimulator.Deploy.0 = Debug|Any CPU
		{23D4EA04-3629-467A-8587-2D6897461CAF}.Release|Any CPU.ActiveCfg = Release|Any CPU
		{23D4EA04-3629-467A-8587-2D6897461CAF}.Release|Any CPU.Build.0 = Release|Any CPU
		{23D4EA04-3629-467A-8587-2D6897461CAF}.Release|Any CPU.Deploy.0 = Release|Any CPU
		{23D4EA04-3629-467A-8587-2D6897461CAF}.Release|iPhone.ActiveCfg = Release|Any CPU
		{23D4EA04-3629-467A-8587-2D6897461CAF}.Release|iPhone.Build.0 = Release|Any CPU
		{23D4EA04-3629-467A-8587-2D6897461CAF}.Release|iPhone.Deploy.0 = Release|Any CPU
		{23D4EA04-3629-467A-8587-2D6897461CAF}.Release|iPhoneSimulator.ActiveCfg = Release|Any CPU
		{23D4EA04-3629-467A-8587-2D6897461CAF}.Release|iPhoneSimulator.Build.0 = Release|Any CPU
		{23D4EA04-3629-467A-8587-2D6897461CAF}.Release|iPhoneSimulator.Deploy.0 = Release|Any CPU
	EndGlobalSection
	GlobalSection(SolutionProperties) = preSolution
		HideSolutionNode = FALSE
	EndGlobalSection
	GlobalSection(ExtensibilityGlobals) = postSolution
		SolutionGuid = {0DABDAD7-5C58-4D9A-98B0-666AE6F9887F}
	EndGlobalSection
EndGlobal
